
Microsoft Visual Studio Solution File, Format Version 12.00
# Visual Studio Version 17
VisualStudioVersion = 17.14.36511.14 d17.14
MinimumVisualStudioVersion = 10.0.40219.1
Project("{FAE04EC0-301F-11D3-BF4B-00C04F79EFBC}") = "Задание 10.6", "Задание 10.6\Задание 10.6.csproj", "{5ECE4F7A-A270-4934-BDCC-D2868D3D806D}"
EndProject
Global
	GlobalSection(SolutionConfigurationPlatforms) = preSolution
		Debug|Any CPU = Debug|Any CPU
		Release|Any CPU = Release|Any CPU
	EndGlobalSection
	GlobalSection(ProjectConfigurationPlatforms) = postSolution
		{5ECE4F7A-A270-4934-BDCC-D2868D3D806D}.Debug|Any CPU.ActiveCfg = Debug|Any CPU
		{5ECE4F7A-A270-4934-BDCC-D2868D3D806D}.Debug|Any CPU.Build.0 = Debug|Any CPU
		{5ECE4F7A-A270-4934-BDCC-D2868D3D806D}.Release|Any CPU.ActiveCfg = Release|Any CPU
		{5ECE4F7A-A270-4934-BDCC-D2868D3D806D}.Release|Any CPU.Build.0 = Release|Any CPU
	EndGlobalSection
	GlobalSection(SolutionProperties) = preSolution
		HideSolutionNode = FALSE
	EndGlobalSection
	GlobalSection(ExtensibilityGlobals) = postSolution
		SolutionGuid = {55B16AC9-2064-459C-95CE-95BFA4E8943B}
	EndGlobalSection
EndGlobal
