
Microsoft Visual Studio Solution File, Format Version 12.00
# Visual Studio Version 17
VisualStudioVersion = 17.14.36511.14 d17.14
MinimumVisualStudioVersion = 10.0.40219.1
Project("{FAE04EC0-301F-11D3-BF4B-00C04F79EFBC}") = "Задание 10.2", "Задание 10.2\Задание 10.2.csproj", "{3941150D-B643-4142-B2B7-7434E53BC43C}"
EndProject
Global
	GlobalSection(SolutionConfigurationPlatforms) = preSolution
		Debug|Any CPU = Debug|Any CPU
		Release|Any CPU = Release|Any CPU
	EndGlobalSection
	GlobalSection(ProjectConfigurationPlatforms) = postSolution
		{3941150D-B643-4142-B2B7-7434E53BC43C}.Debug|Any CPU.ActiveCfg = Debug|Any CPU
		{3941150D-B643-4142-B2B7-7434E53BC43C}.Debug|Any CPU.Build.0 = Debug|Any CPU
		{3941150D-B643-4142-B2B7-7434E53BC43C}.Release|Any CPU.ActiveCfg = Release|Any CPU
		{3941150D-B643-4142-B2B7-7434E53BC43C}.Release|Any CPU.Build.0 = Release|Any CPU
	EndGlobalSection
	GlobalSection(SolutionProperties) = preSolution
		HideSolutionNode = FALSE
	EndGlobalSection
	GlobalSection(ExtensibilityGlobals) = postSolution
		SolutionGuid = {106928D1-5BF1-4296-A554-F28129327E1B}
	EndGlobalSection
EndGlobal
