
Microsoft Visual Studio Solution File, Format Version 12.00
# Visual Studio Version 17
VisualStudioVersion = 17.14.36511.14
MinimumVisualStudioVersion = 10.0.40219.1
Project("{FAE04EC0-301F-11D3-BF4B-00C04F79EFBC}") = "CarsLibrary", "CarsLibrary\CarsLibrary.csproj", "{51D9A884-9D74-452D-8C4C-3F9876B81778}"
EndProject
Project("{FAE04EC0-301F-11D3-BF4B-00C04F79EFBC}") = "Cars.UnitTests", "CarDealershipLibrary.UnitTests\Cars.UnitTests.csproj", "{6D23594E-08E7-406C-8A16-32732488BE12}"
EndProject
Global
	GlobalSection(SolutionConfigurationPlatforms) = preSolution
		Debug|Any CPU = Debug|Any CPU
		Release|Any CPU = Release|Any CPU
	EndGlobalSection
	GlobalSection(ProjectConfigurationPlatforms) = postSolution
		{51D9A884-9D74-452D-8C4C-3F9876B81778}.Debug|Any CPU.ActiveCfg = Debug|Any CPU
		{51D9A884-9D74-452D-8C4C-3F9876B81778}.Debug|Any CPU.Build.0 = Debug|Any CPU
		{51D9A884-9D74-452D-8C4C-3F9876B81778}.Release|Any CPU.ActiveCfg = Release|Any CPU
		{51D9A884-9D74-452D-8C4C-3F9876B81778}.Release|Any CPU.Build.0 = Release|Any CPU
		{6D23594E-08E7-406C-8A16-32732488BE12}.Debug|Any CPU.ActiveCfg = Debug|Any CPU
		{6D23594E-08E7-406C-8A16-32732488BE12}.Debug|Any CPU.Build.0 = Debug|Any CPU
		{6D23594E-08E7-406C-8A16-32732488BE12}.Release|Any CPU.ActiveCfg = Release|Any CPU
		{6D23594E-08E7-406C-8A16-32732488BE12}.Release|Any CPU.Build.0 = Release|Any CPU
	EndGlobalSection
	GlobalSection(SolutionProperties) = preSolution
		HideSolutionNode = FALSE
	EndGlobalSection
	GlobalSection(ExtensibilityGlobals) = postSolution
		SolutionGuid = {00D46E6D-0DBF-41E8-BC1C-BE4D20346565}
	EndGlobalSection
EndGlobal
