
Microsoft Visual Studio Solution File, Format Version 12.00
# Visual Studio Version 17
VisualStudioVersion = 17.14.36511.14 d17.14
MinimumVisualStudioVersion = 10.0.40219.1
Project("{FAE04EC0-301F-11D3-BF4B-00C04F79EFBC}") = "Задание 10.3", "Задание 10.3\Задание 10.3.csproj", "{BE111499-8FE4-410D-A520-E2C540BDF16C}"
EndProject
Global
	GlobalSection(SolutionConfigurationPlatforms) = preSolution
		Debug|Any CPU = Debug|Any CPU
		Release|Any CPU = Release|Any CPU
	EndGlobalSection
	GlobalSection(ProjectConfigurationPlatforms) = postSolution
		{BE111499-8FE4-410D-A520-E2C540BDF16C}.Debug|Any CPU.ActiveCfg = Debug|Any CPU
		{BE111499-8FE4-410D-A520-E2C540BDF16C}.Debug|Any CPU.Build.0 = Debug|Any CPU
		{BE111499-8FE4-410D-A520-E2C540BDF16C}.Release|Any CPU.ActiveCfg = Release|Any CPU
		{BE111499-8FE4-410D-A520-E2C540BDF16C}.Release|Any CPU.Build.0 = Release|Any CPU
	EndGlobalSection
	GlobalSection(SolutionProperties) = preSolution
		HideSolutionNode = FALSE
	EndGlobalSection
	GlobalSection(ExtensibilityGlobals) = postSolution
		SolutionGuid = {6BB2989F-A19A-4C15-B1D7-16DC501F05AC}
	EndGlobalSection
EndGlobal
