
Microsoft Visual Studio Solution File, Format Version 12.00
# Visual Studio Version 17
VisualStudioVersion = 17.14.36511.14 d17.14
MinimumVisualStudioVersion = 10.0.40219.1
Project("{FAE04EC0-301F-11D3-BF4B-00C04F79EFBC}") = "Задание__16", "Задание__16\Задание__16.csproj", "{0923AF2D-2EF0-46F1-81E6-5FEF24D7F01F}"
EndProject
Project("{FAE04EC0-301F-11D3-BF4B-00C04F79EFBC}") = "ConsigmentStruct.UnitTests", "ConsigmentStruct.UnitTests\ConsigmentStruct.UnitTests.csproj", "{F6E01955-B3B0-45F9-B95E-FE62FD072705}"
EndProject
Global
	GlobalSection(SolutionConfigurationPlatforms) = preSolution
		Debug|Any CPU = Debug|Any CPU
		Release|Any CPU = Release|Any CPU
	EndGlobalSection
	GlobalSection(ProjectConfigurationPlatforms) = postSolution
		{0923AF2D-2EF0-46F1-81E6-5FEF24D7F01F}.Debug|Any CPU.ActiveCfg = Debug|Any CPU
		{0923AF2D-2EF0-46F1-81E6-5FEF24D7F01F}.Debug|Any CPU.Build.0 = Debug|Any CPU
		{0923AF2D-2EF0-46F1-81E6-5FEF24D7F01F}.Release|Any CPU.ActiveCfg = Release|Any CPU
		{0923AF2D-2EF0-46F1-81E6-5FEF24D7F01F}.Release|Any CPU.Build.0 = Release|Any CPU
		{F6E01955-B3B0-45F9-B95E-FE62FD072705}.Debug|Any CPU.ActiveCfg = Debug|Any CPU
		{F6E01955-B3B0-45F9-B95E-FE62FD072705}.Debug|Any CPU.Build.0 = Debug|Any CPU
		{F6E01955-B3B0-45F9-B95E-FE62FD072705}.Release|Any CPU.ActiveCfg = Release|Any CPU
		{F6E01955-B3B0-45F9-B95E-FE62FD072705}.Release|Any CPU.Build.0 = Release|Any CPU
	EndGlobalSection
	GlobalSection(SolutionProperties) = preSolution
		HideSolutionNode = FALSE
	EndGlobalSection
	GlobalSection(ExtensibilityGlobals) = postSolution
		SolutionGuid = {9C1CB116-9A81-439B-8ABB-AB0B4A4EA715}
	EndGlobalSection
EndGlobal
